
Microsoft Visual Studio Solution File, Format Version 12.00
# Visual Studio Version 17
VisualStudioVersion = 17.14.36212.18 d17.14
MinimumVisualStudioVersion = 10.0.40219.1
Project("{FAE04EC0-301F-11D3-BF4B-00C04F79EFBC}") = "CshtmlClassLibraryExample", "CshtmlClassLibraryExample.csproj", "{7F25B821-CA90-45AC-A506-0EE2C307C43F}"
EndProject
Global
	GlobalSection(SolutionConfigurationPlatforms) = preSolution
		Debug|Any CPU = Debug|Any CPU
		Release|Any CPU = Release|Any CPU
	EndGlobalSection
	GlobalSection(ProjectConfigurationPlatforms) = postSolution
		{7F25B821-CA90-45AC-A506-0EE2C307C43F}.Debug|Any CPU.ActiveCfg = Debug|Any CPU
		{7F25B821-CA90-45AC-A506-0EE2C307C43F}.Debug|Any CPU.Build.0 = Debug|Any CPU
		{7F25B821-CA90-45AC-A506-0EE2C307C43F}.Release|Any CPU.ActiveCfg = Release|Any CPU
		{7F25B821-CA90-45AC-A506-0EE2C307C43F}.Release|Any CPU.Build.0 = Release|Any CPU
	EndGlobalSection
	GlobalSection(SolutionProperties) = preSolution
		HideSolutionNode = FALSE
	EndGlobalSection
	GlobalSection(ExtensibilityGlobals) = postSolution
		SolutionGuid = {B72E83A3-58A0-480A-A267-D86AF77A7697}
	EndGlobalSection
EndGlobal
